github.com/albertorestifo/dijkstra v0.0.0-20160910063646-aba76f725f72 h1:uGeGZl8PxSq8VZGG4QK5njJTFA4/G/x5CYORvQVXtAE=
github.com/albertorestifo/dijkstra v0.0.0-20160910063646-aba76f725f72/go.mod h1:o+JdB7VetTHjLhU0N57x18B9voDBQe0paApdEAEoEfw=
github.com/google/uuid v1.5.0 h1:1p67kYwdtXjb0gL0BPiP1Av9wiZPo5A8z2cWkTZ+eyU=
github.com/google/uuid v1.5.0/go.mod h1:TIyPZe4MgqvfeYDBFedMoGGpEw/LqOeaOT+nhxU+yHo=
github.com/starwander/gofibonacciheap v0.0.0-20190508061137-ba2e4f01000a h1:24l2/Tc6zTb0gfnlZDL5/eHXxKHFGjp7JU/iMWdQm90=
github.com/starwander/gofibonacciheap v0.0.0-20190508061137-ba2e4f01000a/go.mod h1:tbBKQ5ArfW0A3yGQCtsy3f5vn9qskugMAjckyjBYQeo=
github.com/victorbetoni/go-streams v0.0.0-20231114165136-79ca50db738c h1:XAMY2FpGFMauq3tjsljxZF30GQiTEgK2NS5CKuCwksI=
github.com/victorbetoni/go-streams v0.0.0-20231114165136-79ca50db738c/go.mod h1:zBe7rG+nHnLZZrkZZ1VhhrFPzT6o0wh/Wc5r51NdZsE=
